// !$*UTF8*$!
{
	archiveVersion = 1;
	classes = {
	};
	objectVersion = 46;
	objects = {

/* Begin PBXBuildFile section */
		BA9394611D459901007AC2FB /* AFAutoPurgingImageCache.m in Sources */ = {isa = PBXBuildFile; fileRef = BA93944E1D459901007AC2FB /* AFAutoPurgingImageCache.m */; };
		BA9394621D459901007AC2FB /* AFImageDownloader.m in Sources */ = {isa = PBXBuildFile; fileRef = BA9394501D459901007AC2FB /* AFImageDownloader.m */; };
		BA9394631D459901007AC2FB /* AFNetworkActivityIndicatorManager.m in Sources */ = {isa = PBXBuildFile; fileRef = BA9394521D459901007AC2FB /* AFNetworkActivityIndicatorManager.m */; };
		BA9394641D459901007AC2FB /* UIActivityIndicatorView+AFNetworking.m in Sources */ = {isa = PBXBuildFile; fileRef = BA9394541D459901007AC2FB /* UIActivityIndicatorView+AFNetworking.m */; };
		BA9394651D459901007AC2FB /* UIButton+AFNetworking.m in Sources */ = {isa = PBXBuildFile; fileRef = BA9394561D459901007AC2FB /* UIButton+AFNetworking.m */; };
		BA9394661D459901007AC2FB /* UIImageView+AFNetworking.m in Sources */ = {isa = PBXBuildFile; fileRef = BA9394591D459901007AC2FB /* UIImageView+AFNetworking.m */; };
		BA9394671D459901007AC2FB /* UIProgressView+AFNetworking.m in Sources */ = {isa = PBXBuildFile; fileRef = BA93945C1D459901007AC2FB /* UIProgressView+AFNetworking.m */; };
		BA9394681D459901007AC2FB /* UIRefreshControl+AFNetworking.m in Sources */ = {isa = PBXBuildFile; fileRef = BA93945E1D459901007AC2FB /* UIRefreshControl+AFNetworking.m */; };
		BA9394691D459901007AC2FB /* UIWebView+AFNetworking.m in Sources */ = {isa = PBXBuildFile; fileRef = BA9394601D459901007AC2FB /* UIWebView+AFNetworking.m */; };
		BAFEC7711D446AE100631917 /* AppDelegate.swift in Sources */ = {isa = PBXBuildFile; fileRef = BAFEC7701D446AE100631917 /* AppDelegate.swift */; };
		BAFEC7731D446AE100631917 /* ViewController.swift in Sources */ = {isa = PBXBuildFile; fileRef = BAFEC7721D446AE100631917 /* ViewController.swift */; };
		BAFEC7761D446AE100631917 /* Main.storyboard in Resources */ = {isa = PBXBuildFile; fileRef = BAFEC7741D446AE100631917 /* Main.storyboard */; };
		BAFEC7781D446AE100631917 /* Assets.xcassets in Resources */ = {isa = PBXBuildFile; fileRef = BAFEC7771D446AE100631917 /* Assets.xcassets */; };
		BAFEC77B1D446AE100631917 /* LaunchScreen.storyboard in Resources */ = {isa = PBXBuildFile; fileRef = BAFEC7791D446AE100631917 /* LaunchScreen.storyboard */; };
		BAFEC8FE1D446B1300631917 /* AFHTTPSessionManager.m in Sources */ = {isa = PBXBuildFile; fileRef = BAFEC8F21D446B1300631917 /* AFHTTPSessionManager.m */; };
		BAFEC8FF1D446B1300631917 /* AFNetworkReachabilityManager.m in Sources */ = {isa = PBXBuildFile; fileRef = BAFEC8F51D446B1300631917 /* AFNetworkReachabilityManager.m */; };
		BAFEC9001D446B1300631917 /* AFSecurityPolicy.m in Sources */ = {isa = PBXBuildFile; fileRef = BAFEC8F71D446B1300631917 /* AFSecurityPolicy.m */; };
		BAFEC9011D446B1300631917 /* AFURLRequestSerialization.m in Sources */ = {isa = PBXBuildFile; fileRef = BAFEC8F91D446B1300631917 /* AFURLRequestSerialization.m */; };
		BAFEC9021D446B1300631917 /* AFURLResponseSerialization.m in Sources */ = {isa = PBXBuildFile; fileRef = BAFEC8FB1D446B1300631917 /* AFURLResponseSerialization.m */; };
		BAFEC9031D446B1300631917 /* AFURLSessionManager.m in Sources */ = {isa = PBXBuildFile; fileRef = BAFEC8FD1D446B1300631917 /* AFURLSessionManager.m */; };
		BAFEC9061D4475A800631917 /* SwiftyJSON.swift in Sources */ = {isa = PBXBuildFile; fileRef = BAFEC9051D4475A800631917 /* SwiftyJSON.swift */; };
/* End PBXBuildFile section */

/* Begin PBXFileReference section */
		BA93944D1D459901007AC2FB /* AFAutoPurgingImageCache.h */ = {isa = PBXFileReference; fileEncoding = 4; lastKnownFileType = sourcecode.c.h; path = AFAutoPurgingImageCache.h; sourceTree = "<group>"; };
		BA93944E1D459901007AC2FB /* AFAutoPurgingImageCache.m */ = {isa = PBXFileReference; fileEncoding = 4; lastKnownFileType = sourcecode.c.objc; path = AFAutoPurgingImageCache.m; sourceTree = "<group>"; };
		BA93944F1D459901007AC2FB /* AFImageDownloader.h */ = {isa = PBXFileReference; fileEncoding = 4; lastKnownFileType = sourcecode.c.h; path = AFImageDownloader.h; sourceTree = "<group>"; };
		BA9394501D459901007AC2FB /* AFImageDownloader.m */ = {isa = PBXFileReference; fileEncoding = 4; lastKnownFileType = sourcecode.c.objc; path = AFImageDownloader.m; sourceTree = "<group>"; };
		BA9394511D459901007AC2FB /* AFNetworkActivityIndicatorManager.h */ = {isa = PBXFileReference; fileEncoding = 4; lastKnownFileType = sourcecode.c.h; path = AFNetworkActivityIndicatorManager.h; sourceTree = "<group>"; };
		BA9394521D459901007AC2FB /* AFNetworkActivityIndicatorManager.m */ = {isa = PBXFileReference; fileEncoding = 4; lastKnownFileType = sourcecode.c.objc; path = AFNetworkActivityIndicatorManager.m; sourceTree = "<group>"; };
		BA9394531D459901007AC2FB /* UIActivityIndicatorView+AFNetworking.h */ = {isa = PBXFileReference; fileEncoding = 4; lastKnownFileType = sourcecode.c.h; path = "UIActivityIndicatorView+AFNetworking.h"; sourceTree = "<group>"; };
		BA9394541D459901007AC2FB /* UIActivityIndicatorView+AFNetworking.m */ = {isa = PBXFileReference; fileEncoding = 4; lastKnownFileType = sourcecode.c.objc; path = "UIActivityIndicatorView+AFNetworking.m"; sourceTree = "<group>"; };
		BA9394551D459901007AC2FB /* UIButton+AFNetworking.h */ = {isa = PBXFileReference; fileEncoding = 4; lastKnownFileType = sourcecode.c.h; path = "UIButton+AFNetworking.h"; sourceTree = "<group>"; };
		BA9394561D459901007AC2FB /* UIButton+AFNetworking.m */ = {isa = PBXFileReference; fileEncoding = 4; lastKnownFileType = sourcecode.c.objc; path = "UIButton+AFNetworking.m"; sourceTree = "<group>"; };
		BA9394571D459901007AC2FB /* UIImage+AFNetworking.h */ = {isa = PBXFileReference; fileEncoding = 4; lastKnownFileType = sourcecode.c.h; path = "UIImage+AFNetworking.h"; sourceTree = "<group>"; };
		BA9394581D459901007AC2FB /* UIImageView+AFNetworking.h */ = {isa = PBXFileReference; fileEncoding = 4; lastKnownFileType = sourcecode.c.h; path = "UIImageView+AFNetworking.h"; sourceTree = "<group>"; };
		BA9394591D459901007AC2FB /* UIImageView+AFNetworking.m */ = {isa = PBXFileReference; fileEncoding = 4; lastKnownFileType = sourcecode.c.objc; path = "UIImageView+AFNetworking.m"; sourceTree = "<group>"; };
		BA93945A1D459901007AC2FB /* UIKit+AFNetworking.h */ = {isa = PBXFileReference; fileEncoding = 4; lastKnownFileType = sourcecode.c.h; path = "UIKit+AFNetworking.h"; sourceTree = "<group>"; };
		BA93945B1D459901007AC2FB /* UIProgressView+AFNetworking.h */ = {isa = PBXFileReference; fileEncoding = 4; lastKnownFileType = sourcecode.c.h; path = "UIProgressView+AFNetworking.h"; sourceTree = "<group>"; };
		BA93945C1D459901007AC2FB /* UIProgressView+AFNetworking.m */ = {isa = PBXFileReference; fileEncoding = 4; lastKnownFileType = sourcecode.c.objc; path = "UIProgressView+AFNetworking.m"; sourceTree = "<group>"; };
		BA93945D1D459901007AC2FB /* UIRefreshControl+AFNetworking.h */ = {isa = PBXFileReference; fileEncoding = 4; lastKnownFileType = sourcecode.c.h; path = "UIRefreshControl+AFNetworking.h"; sourceTree = "<group>"; };
		BA93945E1D459901007AC2FB /* UIRefreshControl+AFNetworking.m */ = {isa = PBXFileReference; fileEncoding = 4; lastKnownFileType = sourcecode.c.objc; path = "UIRefreshControl+AFNetworking.m"; sourceTree = "<group>"; };
		BA93945F1D459901007AC2FB /* UIWebView+AFNetworking.h */ = {isa = PBXFileReference; fileEncoding = 4; lastKnownFileType = sourcecode.c.h; path = "UIWebView+AFNetworking.h"; sourceTree = "<group>"; };
		BA9394601D459901007AC2FB /* UIWebView+AFNetworking.m */ = {isa = PBXFileReference; fileEncoding = 4; lastKnownFileType = sourcecode.c.objc; path = "UIWebView+AFNetworking.m"; sourceTree = "<group>"; };
		BAFEC76D1D446AE100631917 /* Photo Search Example.app */ = {isa = PBXFileReference; explicitFileType = wrapper.application; includeInIndex = 0; path = "Photo Search Example.app"; sourceTree = BUILT_PRODUCTS_DIR; };
		BAFEC7701D446AE100631917 /* AppDelegate.swift */ = {isa = PBXFileReference; lastKnownFileType = sourcecode.swift; path = AppDelegate.swift; sourceTree = "<group>"; };
		BAFEC7721D446AE100631917 /* ViewController.swift */ = {isa = PBXFileReference; lastKnownFileType = sourcecode.swift; path = ViewController.swift; sourceTree = "<group>"; };
		BAFEC7751D446AE100631917 /* Base */ = {isa = PBXFileReference; lastKnownFileType = file.storyboard; name = Base; path = Base.lproj/Main.storyboard; sourceTree = "<group>"; };
		BAFEC7771D446AE100631917 /* Assets.xcassets */ = {isa = PBXFileReference; lastKnownFileType = folder.assetcatalog; path = Assets.xcassets; sourceTree = "<group>"; };
		BAFEC77A1D446AE100631917 /* Base */ = {isa = PBXFileReference; lastKnownFileType = file.storyboard; name = Base; path = Base.lproj/LaunchScreen.storyboard; sourceTree = "<group>"; };
		BAFEC77C1D446AE100631917 /* Info.plist */ = {isa = PBXFileReference; lastKnownFileType = text.plist.xml; path = Info.plist; sourceTree = "<group>"; };
		BAFEC8F11D446B1300631917 /* AFHTTPSessionManager.h */ = {isa = PBXFileReference; fileEncoding = 4; lastKnownFileType = sourcecode.c.h; path = AFHTTPSessionManager.h; sourceTree = "<group>"; };
		BAFEC8F21D446B1300631917 /* AFHTTPSessionManager.m */ = {isa = PBXFileReference; fileEncoding = 4; lastKnownFileType = sourcecode.c.objc; path = AFHTTPSessionManager.m; sourceTree = "<group>"; };
		BAFEC8F31D446B1300631917 /* AFNetworking.h */ = {isa = PBXFileReference; fileEncoding = 4; lastKnownFileType = sourcecode.c.h; path = AFNetworking.h; sourceTree = "<group>"; };
		BAFEC8F41D446B1300631917 /* AFNetworkReachabilityManager.h */ = {isa = PBXFileReference; fileEncoding = 4; lastKnownFileType = sourcecode.c.h; path = AFNetworkReachabilityManager.h; sourceTree = "<group>"; };
		BAFEC8F51D446B1300631917 /* AFNetworkReachabilityManager.m */ = {isa = PBXFileReference; fileEncoding = 4; lastKnownFileType = sourcecode.c.objc; path = AFNetworkReachabilityManager.m; sourceTree = "<group>"; };
		BAFEC8F61D446B1300631917 /* AFSecurityPolicy.h */ = {isa = PBXFileReference; fileEncoding = 4; lastKnownFileType = sourcecode.c.h; path = AFSecurityPolicy.h; sourceTree = "<group>"; };
		BAFEC8F71D446B1300631917 /* AFSecurityPolicy.m */ = {isa = PBXFileReference; fileEncoding = 4; lastKnownFileType = sourcecode.c.objc; path = AFSecurityPolicy.m; sourceTree = "<group>"; };
		BAFEC8F81D446B1300631917 /* AFURLRequestSerialization.h */ = {isa = PBXFileReference; fileEncoding = 4; lastKnownFileType = sourcecode.c.h; path = AFURLRequestSerialization.h; sourceTree = "<group>"; };
		BAFEC8F91D446B1300631917 /* AFURLRequestSerialization.m */ = {isa = PBXFileReference; fileEncoding = 4; lastKnownFileType = sourcecode.c.objc; path = AFURLRequestSerialization.m; sourceTree = "<group>"; };
		BAFEC8FA1D446B1300631917 /* AFURLResponseSerialization.h */ = {isa = PBXFileReference; fileEncoding = 4; lastKnownFileType = sourcecode.c.h; path = AFURLResponseSerialization.h; sourceTree = "<group>"; };
		BAFEC8FB1D446B1300631917 /* AFURLResponseSerialization.m */ = {isa = PBXFileReference; fileEncoding = 4; lastKnownFileType = sourcecode.c.objc; path = AFURLResponseSerialization.m; sourceTree = "<group>"; };
		BAFEC8FC1D446B1300631917 /* AFURLSessionManager.h */ = {isa = PBXFileReference; fileEncoding = 4; lastKnownFileType = sourcecode.c.h; path = AFURLSessionManager.h; sourceTree = "<group>"; };
		BAFEC8FD1D446B1300631917 /* AFURLSessionManager.m */ = {isa = PBXFileReference; fileEncoding = 4; lastKnownFileType = sourcecode.c.objc; path = AFURLSessionManager.m; sourceTree = "<group>"; };
		BAFEC9041D446B3900631917 /* bridge.h */ = {isa = PBXFileReference; lastKnownFileType = sourcecode.c.h; path = bridge.h; sourceTree = "<group>"; };
		BAFEC9051D4475A800631917 /* SwiftyJSON.swift */ = {isa = PBXFileReference; fileEncoding = 4; lastKnownFileType = sourcecode.swift; name = SwiftyJSON.swift; path = "Photo Search Example/SwiftyJSON.swift"; sourceTree = "<group>"; };
/* End PBXFileReference section */

/* Begin PBXFrameworksBuildPhase section */
		BAFEC76A1D446AE100631917 /* Frameworks */ = {
			isa = PBXFrameworksBuildPhase;
			buildActionMask = 2147483647;
			files = (
			);
			runOnlyForDeploymentPostprocessing = 0;
		};
/* End PBXFrameworksBuildPhase section */

/* Begin PBXGroup section */
		BA93944C1D459901007AC2FB /* UIKit+AFNetworking */ = {
			isa = PBXGroup;
			children = (
				BA93944D1D459901007AC2FB /* AFAutoPurgingImageCache.h */,
				BA93944E1D459901007AC2FB /* AFAutoPurgingImageCache.m */,
				BA93944F1D459901007AC2FB /* AFImageDownloader.h */,
				BA9394501D459901007AC2FB /* AFImageDownloader.m */,
				BA9394511D459901007AC2FB /* AFNetworkActivityIndicatorManager.h */,
				BA9394521D459901007AC2FB /* AFNetworkActivityIndicatorManager.m */,
				BA9394531D459901007AC2FB /* UIActivityIndicatorView+AFNetworking.h */,
				BA9394541D459901007AC2FB /* UIActivityIndicatorView+AFNetworking.m */,
				BA9394551D459901007AC2FB /* UIButton+AFNetworking.h */,
				BA9394561D459901007AC2FB /* UIButton+AFNetworking.m */,
				BA9394571D459901007AC2FB /* UIImage+AFNetworking.h */,
				BA9394581D459901007AC2FB /* UIImageView+AFNetworking.h */,
				BA9394591D459901007AC2FB /* UIImageView+AFNetworking.m */,
				BA93945A1D459901007AC2FB /* UIKit+AFNetworking.h */,
				BA93945B1D459901007AC2FB /* UIProgressView+AFNetworking.h */,
				BA93945C1D459901007AC2FB /* UIProgressView+AFNetworking.m */,
				BA93945D1D459901007AC2FB /* UIRefreshControl+AFNetworking.h */,
				BA93945E1D459901007AC2FB /* UIRefreshControl+AFNetworking.m */,
				BA93945F1D459901007AC2FB /* UIWebView+AFNetworking.h */,
				BA9394601D459901007AC2FB /* UIWebView+AFNetworking.m */,
			);
			path = "UIKit+AFNetworking";
			sourceTree = "<group>";
		};
		BAFEC7641D446AE100631917 = {
			isa = PBXGroup;
			children = (
				BAFEC9041D446B3900631917 /* bridge.h */,
				BAFEC9051D4475A800631917 /* SwiftyJSON.swift */,
				BAFEC76F1D446AE100631917 /* Photo Search Example */,
				BAFEC76E1D446AE100631917 /* Products */,
				BA93944C1D459901007AC2FB /* UIKit+AFNetworking */,
				BAFEC8F01D446B1300631917 /* AFNetworking */,
			);
			sourceTree = "<group>";
		};
		BAFEC76E1D446AE100631917 /* Products */ = {
			isa = PBXGroup;
			children = (
				BAFEC76D1D446AE100631917 /* Photo Search Example.app */,
			);
			name = Products;
			sourceTree = "<group>";
		};
		BAFEC76F1D446AE100631917 /* Photo Search Example */ = {
			isa = PBXGroup;
			children = (
				BAFEC7701D446AE100631917 /* AppDelegate.swift */,
				BAFEC7721D446AE100631917 /* ViewController.swift */,
				BAFEC7741D446AE100631917 /* Main.storyboard */,
				BAFEC7771D446AE100631917 /* Assets.xcassets */,
				BAFEC7791D446AE100631917 /* LaunchScreen.storyboard */,
				BAFEC77C1D446AE100631917 /* Info.plist */,
			);
			path = "Photo Search Example";
			sourceTree = "<group>";
		};
		BAFEC8F01D446B1300631917 /* AFNetworking */ = {
			isa = PBXGroup;
			children = (
				BAFEC8F11D446B1300631917 /* AFHTTPSessionManager.h */,
				BAFEC8F21D446B1300631917 /* AFHTTPSessionManager.m */,
				BAFEC8F31D446B1300631917 /* AFNetworking.h */,
				BAFEC8F41D446B1300631917 /* AFNetworkReachabilityManager.h */,
				BAFEC8F51D446B1300631917 /* AFNetworkReachabilityManager.m */,
				BAFEC8F61D446B1300631917 /* AFSecurityPolicy.h */,
				BAFEC8F71D446B1300631917 /* AFSecurityPolicy.m */,
				BAFEC8F81D446B1300631917 /* AFURLRequestSerialization.h */,
				BAFEC8F91D446B1300631917 /* AFURLRequestSerialization.m */,
				BAFEC8FA1D446B1300631917 /* AFURLResponseSerialization.h */,
				BAFEC8FB1D446B1300631917 /* AFURLResponseSerialization.m */,
				BAFEC8FC1D446B1300631917 /* AFURLSessionManager.h */,
				BAFEC8FD1D446B1300631917 /* AFURLSessionManager.m */,
			);
			path = AFNetworking;
			sourceTree = "<group>";
		};
/* End PBXGroup section */

/* Begin PBXNativeTarget section */
		BAFEC76C1D446AE100631917 /* Photo Search Example */ = {
			isa = PBXNativeTarget;
			buildConfigurationList = BAFEC77F1D446AE100631917 /* Build configuration list for PBXNativeTarget "Photo Search Example" */;
			buildPhases = (
				BAFEC7691D446AE100631917 /* Sources */,
				BAFEC76A1D446AE100631917 /* Frameworks */,
				BAFEC76B1D446AE100631917 /* Resources */,
			);
			buildRules = (
			);
			dependencies = (
			);
			name = "Photo Search Example";
			productName = "Photo Search Example";
			productReference = BAFEC76D1D446AE100631917 /* Photo Search Example.app */;
			productType = "com.apple.product-type.application";
		};
/* End PBXNativeTarget section */

/* Begin PBXProject section */
		BAFEC7651D446AE100631917 /* Project object */ = {
			isa = PBXProject;
			attributes = {
				LastSwiftUpdateCheck = 0730;
				LastUpgradeCheck = 0730;
				ORGANIZATIONNAME = "Jordan Harvey-Morgan";
				TargetAttributes = {
					BAFEC76C1D446AE100631917 = {
						CreatedOnToolsVersion = 7.3.1;
						DevelopmentTeam = C9L43P9G27;
					};
				};
			};
			buildConfigurationList = BAFEC7681D446AE100631917 /* Build configuration list for PBXProject "Photo Search Example" */;
			compatibilityVersion = "Xcode 3.2";
			developmentRegion = English;
			hasScannedForEncodings = 0;
			knownRegions = (
				en,
				Base,
			);
			mainGroup = BAFEC7641D446AE100631917;
			productRefGroup = BAFEC76E1D446AE100631917 /* Products */;
			projectDirPath = "";
			projectRoot = "";
			targets = (
				BAFEC76C1D446AE100631917 /* Photo Search Example */,
			);
		};
/* End PBXProject section */

/* Begin PBXResourcesBuildPhase section */
		BAFEC76B1D446AE100631917 /* Resources */ = {
			isa = PBXResourcesBuildPhase;
			buildActionMask = 2147483647;
			files = (
				BAFEC77B1D446AE100631917 /* LaunchScreen.storyboard in Resources */,
				BAFEC7781D446AE100631917 /* Assets.xcassets in Resources */,
				BAFEC7761D446AE100631917 /* Main.storyboard in Resources */,
			);
			runOnlyForDeploymentPostprocessing = 0;
		};
/* End PBXResourcesBuildPhase section */

/* Begin PBXSourcesBuildPhase section */
		BAFEC7691D446AE100631917 /* Sources */ = {
			isa = PBXSourcesBuildPhase;
			buildActionMask = 2147483647;
			files = (
				BA9394671D459901007AC2FB /* UIProgressView+AFNetworking.m in Sources */,
				BAFEC8FE1D446B1300631917 /* AFHTTPSessionManager.m in Sources */,
				BA9394691D459901007AC2FB /* UIWebView+AFNetworking.m in Sources */,
				BA9394661D459901007AC2FB /* UIImageView+AFNetworking.m in Sources */,
				BAFEC9031D446B1300631917 /* AFURLSessionManager.m in Sources */,
				BA9394651D459901007AC2FB /* UIButton+AFNetworking.m in Sources */,
				BAFEC9001D446B1300631917 /* AFSecurityPolicy.m in Sources */,
				BAFEC7731D446AE100631917 /* ViewController.swift in Sources */,
				BA9394681D459901007AC2FB /* UIRefreshControl+AFNetworking.m in Sources */,
				BAFEC9011D446B1300631917 /* AFURLRequestSerialization.m in Sources */,
				BA9394611D459901007AC2FB /* AFAutoPurgingImageCache.m in Sources */,
				BAFEC8FF1D446B1300631917 /* AFNetworkReachabilityManager.m in Sources */,
				BAFEC9061D4475A800631917 /* SwiftyJSON.swift in Sources */,
				BA9394631D459901007AC2FB /* AFNetworkActivityIndicatorManager.m in Sources */,
				BAFEC9021D446B1300631917 /* AFURLResponseSerialization.m in Sources */,
				BAFEC7711D446AE100631917 /* AppDelegate.swift in Sources */,
				BA9394621D459901007AC2FB /* AFImageDownloader.m in Sources */,
				BA9394641D459901007AC2FB /* UIActivityIndicatorView+AFNetworking.m in Sources */,
			);
			runOnlyForDeploymentPostprocessing = 0;
		};
/* End PBXSourcesBuildPhase section */

/* Begin PBXVariantGroup section */
		BAFEC7741D446AE100631917 /* Main.storyboard */ = {
			isa = PBXVariantGroup;
			children = (
				BAFEC7751D446AE100631917 /* Base */,
			);
			name = Main.storyboard;
			sourceTree = "<group>";
		};
		BAFEC7791D446AE100631917 /* LaunchScreen.storyboard */ = {
			isa = PBXVariantGroup;
			children = (
				BAFEC77A1D446AE100631917 /* Base */,
			);
			name = LaunchScreen.storyboard;
			sourceTree = "<group>";
		};
/* End PBXVariantGroup section */

/* Begin XCBuildConfiguration section */
		BAFEC77D1D446AE100631917 /* Debug */ = {
			isa = XCBuildConfiguration;
			buildSettings = {
				ALWAYS_SEARCH_USER_PATHS = NO;
				CLANG_ANALYZER_NONNULL = YES;
				CLANG_CXX_LANGUAGE_STANDARD = "gnu++0x";
				CLANG_CXX_LIBRARY = "libc++";
				CLANG_ENABLE_MODULES = YES;
				CLANG_ENABLE_OBJC_ARC = YES;
				CLANG_WARN_BOOL_CONVERSION = YES;
				CLANG_WARN_CONSTANT_CONVERSION = YES;
				CLANG_WARN_DIRECT_OBJC_ISA_USAGE = YES_ERROR;
				CLANG_WARN_EMPTY_BODY = YES;
				CLANG_WARN_ENUM_CONVERSION = YES;
				CLANG_WARN_INT_CONVERSION = YES;
				CLANG_WARN_OBJC_ROOT_CLASS = YES_ERROR;
				CLANG_WARN_UNREACHABLE_CODE = YES;
				CLANG_WARN__DUPLICATE_METHOD_MATCH = YES;
				"CODE_SIGN_IDENTITY[sdk=iphoneos*]" = "iPhone Developer";
				COPY_PHASE_STRIP = NO;
				DEBUG_INFORMATION_FORMAT = dwarf;
				ENABLE_STRICT_OBJC_MSGSEND = YES;
				ENABLE_TESTABILITY = YES;
				GCC_C_LANGUAGE_STANDARD = gnu99;
				GCC_DYNAMIC_NO_PIC = NO;
				GCC_NO_COMMON_BLOCKS = YES;
				GCC_OPTIMIZATION_LEVEL = 0;
				GCC_PREPROCESSOR_DEFINITIONS = (
					"DEBUG=1",
					"$(inherited)",
				);
				GCC_WARN_64_TO_32_BIT_CONVERSION = YES;
				GCC_WARN_ABOUT_RETURN_TYPE = YES_ERROR;
				GCC_WARN_UNDECLARED_SELECTOR = YES;
				GCC_WARN_UNINITIALIZED_AUTOS = YES_AGGRESSIVE;
				GCC_WARN_UNUSED_FUNCTION = YES;
				GCC_WARN_UNUSED_VARIABLE = YES;
				IPHONEOS_DEPLOYMENT_TARGET = 9.3;
				MTL_ENABLE_DEBUG_INFO = YES;
				ONLY_ACTIVE_ARCH = YES;
				SDKROOT = iphoneos;
				SWIFT_OPTIMIZATION_LEVEL = "-Onone";
				TARGETED_DEVICE_FAMILY = "1,2";
			};
			name = Debug;
		};
		BAFEC77E1D446AE100631917 /* Release */ = {
			isa = XCBuildConfiguration;
			buildSettings = {
				ALWAYS_SEARCH_USER_PATHS = NO;
				CLANG_ANALYZER_NONNULL = YES;
				CLANG_CXX_LANGUAGE_STANDARD = "gnu++0x";
				CLANG_CXX_LIBRARY = "libc++";
				CLANG_ENABLE_MODULES = YES;
				CLANG_ENABLE_OBJC_ARC = YES;
				CLANG_WARN_BOOL_CONVERSION = YES;
				CLANG_WARN_CONSTANT_CONVERSION = YES;
				CLANG_WARN_DIRECT_OBJC_ISA_USAGE = YES_ERROR;
				CLANG_WARN_EMPTY_BODY = YES;
				CLANG_WARN_ENUM_CONVERSION = YES;
				CLANG_WARN_INT_CONVERSION = YES;
				CLANG_WARN_OBJC_ROOT_CLASS = YES_ERROR;
				CLANG_WARN_UNREACHABLE_CODE = YES;
				CLANG_WARN__DUPLICATE_METHOD_MATCH = YES;
				"CODE_SIGN_IDENTITY[sdk=iphoneos*]" = "iPhone Developer";
				COPY_PHASE_STRIP = NO;
				DEBUG_INFORMATION_FORMAT = "dwarf-with-dsym";
				ENABLE_NS_ASSERTIONS = NO;
				ENABLE_STRICT_OBJC_MSGSEND = YES;
				GCC_C_LANGUAGE_STANDARD = gnu99;
				GCC_NO_COMMON_BLOCKS = YES;
				GCC_WARN_64_TO_32_BIT_CONVERSION = YES;
				GCC_WARN_ABOUT_RETURN_TYPE = YES_ERROR;
				GCC_WARN_UNDECLARED_SELECTOR = YES;
				GCC_WARN_UNINITIALIZED_AUTOS = YES_AGGRESSIVE;
				GCC_WARN_UNUSED_FUNCTION = YES;
				GCC_WARN_UNUSED_VARIABLE = YES;
				IPHONEOS_DEPLOYMENT_TARGET = 9.3;
				MTL_ENABLE_DEBUG_INFO = NO;
				SDKROOT = iphoneos;
				TARGETED_DEVICE_FAMILY = "1,2";
				VALIDATE_PRODUCT = YES;
			};
			name = Release;
		};
		BAFEC7801D446AE100631917 /* Debug */ = {
			isa = XCBuildConfiguration;
			buildSettings = {
				ASSETCATALOG_COMPILER_APPICON_NAME = AppIcon;
				DEFINES_MODULE = YES;
				INFOPLIST_FILE = "Photo Search Example/Info.plist";
				LD_RUNPATH_SEARCH_PATHS = "$(inherited) @executable_path/Frameworks";
				PRODUCT_BUNDLE_IDENTIFIER = "com.jharveymorgan.Photo-Search-Example";
				PRODUCT_NAME = "$(TARGET_NAME)";
				SWIFT_OBJC_BRIDGING_HEADER = bridge.h;
			};
			name = Debug;
		};
		BAFEC7811D446AE100631917 /* Release */ = {
			isa = XCBuildConfiguration;
			buildSettings = {
				ASSETCATALOG_COMPILER_APPICON_NAME = AppIcon;
				DEFINES_MODULE = YES;
				INFOPLIST_FILE = "Photo Search Example/Info.plist";
				LD_RUNPATH_SEARCH_PATHS = "$(inherited) @executable_path/Frameworks";
				PRODUCT_BUNDLE_IDENTIFIER = "com.jharveymorgan.Photo-Search-Example";
				PRODUCT_NAME = "$(TARGET_NAME)";
				SWIFT_OBJC_BRIDGING_HEADER = bridge.h;
			};
			name = Release;
		};
/* End XCBuildConfiguration section */

/* Begin XCConfigurationList section */
		BAFEC7681D446AE100631917 /* Build configuration list for PBXProject "Photo Search Example" */ = {
			isa = XCConfigurationList;
			buildConfigurations = (
				BAFEC77D1D446AE100631917 /* Debug */,
				BAFEC77E1D446AE100631917 /* Release */,
			);
			defaultConfigurationIsVisible = 0;
			defaultConfigurationName = Release;
		};
		BAFEC77F1D446AE100631917 /* Build configuration list for PBXNativeTarget "Photo Search Example" */ = {
			isa = XCConfigurationList;
			buildConfigurations = (
				BAFEC7801D446AE100631917 /* Debug */,
				BAFEC7811D446AE100631917 /* Release */,
			);
			defaultConfigurationIsVisible = 0;
			defaultConfigurationName = Release;
		};
/* End XCConfigurationList section */
	};
	rootObject = BAFEC7651D446AE100631917 /* Project object */;
}
